# This file is automatically @generated by Cargo.
# It is not intended for manual editing.
version = 4

[[package]]
name = "countme"
version = "3.0.1"
source = "registry+https://github.com/rust-lang/crates.io-index"
checksum = "7704b5fdd17b18ae31c4c1da5a2e0305a2bf17b5249300a9ee9ed7b72114c636"

[[package]]
name = "lexer"
version = "0.1.0"

[[package]]
name = "parser"
version = "0.1.0"

[[package]]
name = "semantic"
version = "0.1.0"

[[package]]
name = "syntax"
version = "0.1.0"
dependencies = [
 "countme",
]
